
Microsoft Visual Studio Solution File, Format Version 12.00
# Visual Studio Version 16
VisualStudioVersion = 16.0.31728.76
MinimumVisualStudioVersion = 10.0.40219.1
Project("{FAE04EC0-301F-11D3-BF4B-00C04F79EFBC}") = "connection", "connection\connection.csproj", "{06AAAF35-2DEE-49F4-A84D-EC8F2FAC5441}"
EndProject
Global
	GlobalSection(SolutionConfigurationPlatforms) = preSolution
		Debug|Any CPU = Debug|Any CPU
		Release|Any CPU = Release|Any CPU
	EndGlobalSection
	GlobalSection(ProjectConfigurationPlatforms) = postSolution
		{06AAAF35-2DEE-49F4-A84D-EC8F2FAC5441}.Debug|Any CPU.ActiveCfg = Debug|Any CPU
		{06AAAF35-2DEE-49F4-A84D-EC8F2FAC5441}.Debug|Any CPU.Build.0 = Debug|Any CPU
		{06AAAF35-2DEE-49F4-A84D-EC8F2FAC5441}.Release|Any CPU.ActiveCfg = Release|Any CPU
		{06AAAF35-2DEE-49F4-A84D-EC8F2FAC5441}.Release|Any CPU.Build.0 = Release|Any CPU
	EndGlobalSection
	GlobalSection(SolutionProperties) = preSolution
		HideSolutionNode = FALSE
	EndGlobalSection
	GlobalSection(ExtensibilityGlobals) = postSolution
		SolutionGuid = {AE57D0EF-E4D4-49E3-B8DF-021F48BF30DD}
	EndGlobalSection
EndGlobal
